
Microsoft Visual Studio Solution File, Format Version 12.00
# Visual Studio Version 16
VisualStudioVersion = 16.0.29123.88
MinimumVisualStudioVersion = 10.0.40219.1
Project("{9A19103F-16F7-4668-BE54-9A1E7A4F7556}") = "Identity.Service", "Identity.Service\Identity.Service.csproj", "{64FCE8A5-AB21-4665-8E77-D530A578F99B}"
EndProject
Project("{9A19103F-16F7-4668-BE54-9A1E7A4F7556}") = "Players.Service", "Players.Service\Players.Service.csproj", "{E3F30D53-4C5F-49B3-B3DF-F17FA626CEE0}"
EndProject
Project("{9A19103F-16F7-4668-BE54-9A1E7A4F7556}") = "Trainings.Service", "Trainings.Service\Trainings.Service.csproj", "{E6ABA0DB-E523-46AB-804B-C325BA76D831}"
EndProject
Project("{FAE04EC0-301F-11D3-BF4B-00C04F79EFBC}") = "TrainingsServiceTests", "TrainingsServiceTests\TrainingsServiceTests.csproj", "{81C555F7-2E4D-400D-99FD-6FC4ED6BE093}"
EndProject
Global
	GlobalSection(SolutionConfigurationPlatforms) = preSolution
		Debug|Any CPU = Debug|Any CPU
		Release|Any CPU = Release|Any CPU
	EndGlobalSection
	GlobalSection(ProjectConfigurationPlatforms) = postSolution
		{64FCE8A5-AB21-4665-8E77-D530A578F99B}.Debug|Any CPU.ActiveCfg = Debug|Any CPU
		{64FCE8A5-AB21-4665-8E77-D530A578F99B}.Debug|Any CPU.Build.0 = Debug|Any CPU
		{64FCE8A5-AB21-4665-8E77-D530A578F99B}.Release|Any CPU.ActiveCfg = Release|Any CPU
		{64FCE8A5-AB21-4665-8E77-D530A578F99B}.Release|Any CPU.Build.0 = Release|Any CPU
		{E3F30D53-4C5F-49B3-B3DF-F17FA626CEE0}.Debug|Any CPU.ActiveCfg = Debug|Any CPU
		{E3F30D53-4C5F-49B3-B3DF-F17FA626CEE0}.Debug|Any CPU.Build.0 = Debug|Any CPU
		{E3F30D53-4C5F-49B3-B3DF-F17FA626CEE0}.Release|Any CPU.ActiveCfg = Release|Any CPU
		{E3F30D53-4C5F-49B3-B3DF-F17FA626CEE0}.Release|Any CPU.Build.0 = Release|Any CPU
		{E6ABA0DB-E523-46AB-804B-C325BA76D831}.Debug|Any CPU.ActiveCfg = Debug|Any CPU
		{E6ABA0DB-E523-46AB-804B-C325BA76D831}.Debug|Any CPU.Build.0 = Debug|Any CPU
		{E6ABA0DB-E523-46AB-804B-C325BA76D831}.Release|Any CPU.ActiveCfg = Release|Any CPU
		{E6ABA0DB-E523-46AB-804B-C325BA76D831}.Release|Any CPU.Build.0 = Release|Any CPU
		{81C555F7-2E4D-400D-99FD-6FC4ED6BE093}.Debug|Any CPU.ActiveCfg = Debug|Any CPU
		{81C555F7-2E4D-400D-99FD-6FC4ED6BE093}.Debug|Any CPU.Build.0 = Debug|Any CPU
		{81C555F7-2E4D-400D-99FD-6FC4ED6BE093}.Release|Any CPU.ActiveCfg = Release|Any CPU
		{81C555F7-2E4D-400D-99FD-6FC4ED6BE093}.Release|Any CPU.Build.0 = Release|Any CPU
	EndGlobalSection
	GlobalSection(SolutionProperties) = preSolution
		HideSolutionNode = FALSE
	EndGlobalSection
	GlobalSection(ExtensibilityGlobals) = postSolution
		SolutionGuid = {4978B5A9-308B-454D-A880-653ADEB3BD62}
	EndGlobalSection
EndGlobal
